{
    "name": "lib-mailchimphtml",
    "version": "0.1.0",
    "lockfileVersion": 2,
    "requires": true,
    "packages": {
        "": {
            "version": "0.1.0",
            "license": "None",
            "dependencies": {
                "urijs": "1.19.6"
            },
            "devDependencies": {
                "prettier": "2.3.2"
            }
        },
        "node_modules/prettier": {
            "version": "2.3.2",
            "resolved": "https://registry.npmjs.org/prettier/-/prettier-2.3.2.tgz",
            "integrity": "sha512-lnJzDfJ66zkMy58OL5/NY5zp70S7Nz6KqcKkXYzn2tMVrNxvbqaBpg7H3qHaLxCJ5lNMsGuM8+ohS7cZrthdLQ==",
            "dev": true,
            "bin": {
                "prettier": "bin-prettier.js"
            },
            "engines": {
                "node": ">=10.13.0"
            }
        },
        "node_modules/urijs": {
            "version": "1.19.6",
            "resolved": "https://registry.npmjs.org/urijs/-/urijs-1.19.6.tgz",
            "integrity": "sha512-eSXsXZ2jLvGWeLYlQA3Gh36BcjF+0amo92+wHPyN1mdR8Nxf75fuEuYTd9c0a+m/vhCjRK0ESlE9YNLW+E1VEw=="
        }
    },
    "dependencies": {
        "prettier": {
            "version": "2.3.2",
            "resolved": "https://registry.npmjs.org/prettier/-/prettier-2.3.2.tgz",
            "integrity": "sha512-lnJzDfJ66zkMy58OL5/NY5zp70S7Nz6KqcKkXYzn2tMVrNxvbqaBpg7H3qHaLxCJ5lNMsGuM8+ohS7cZrthdLQ==",
            "dev": true
        },
        "urijs": {
            "version": "1.19.6",
            "resolved": "https://registry.npmjs.org/urijs/-/urijs-1.19.6.tgz",
            "integrity": "sha512-eSXsXZ2jLvGWeLYlQA3Gh36BcjF+0amo92+wHPyN1mdR8Nxf75fuEuYTd9c0a+m/vhCjRK0ESlE9YNLW+E1VEw=="
        }
    }
}
