{
    "name": "lib-mailchimphtml",
    "version": "0.1.0",
    "lockfileVersion": 2,
    "requires": true,
    "packages": {
        "": {
            "name": "lib-mailchimphtml",
            "version": "0.1.0",
            "license": "None",
            "dependencies": {
                "urijs": "1.19.11"
            },
            "devDependencies": {
                "prettier": "2.8.2"
            }
        },
        "node_modules/prettier": {
            "version": "2.8.2",
            "resolved": "https://registry.npmjs.org/prettier/-/prettier-2.8.2.tgz",
            "integrity": "sha512-BtRV9BcncDyI2tsuS19zzhzoxD8Dh8LiCx7j7tHzrkz8GFXAexeWFdi22mjE1d16dftH2qNaytVxqiRTGlMfpw==",
            "dev": true,
            "bin": {
                "prettier": "bin-prettier.js"
            },
            "engines": {
                "node": ">=10.13.0"
            },
            "funding": {
                "url": "https://github.com/prettier/prettier?sponsor=1"
            }
        },
        "node_modules/urijs": {
            "version": "1.19.11",
            "resolved": "https://registry.npmjs.org/urijs/-/urijs-1.19.11.tgz",
            "integrity": "sha512-HXgFDgDommxn5/bIv0cnQZsPhHDA90NPHD6+c/v21U5+Sx5hoP8+dP9IZXBU1gIfvdRfhG8cel9QNPeionfcCQ=="
        }
    },
    "dependencies": {
        "prettier": {
            "version": "2.8.2",
            "resolved": "https://registry.npmjs.org/prettier/-/prettier-2.8.2.tgz",
            "integrity": "sha512-BtRV9BcncDyI2tsuS19zzhzoxD8Dh8LiCx7j7tHzrkz8GFXAexeWFdi22mjE1d16dftH2qNaytVxqiRTGlMfpw==",
            "dev": true
        },
        "urijs": {
            "version": "1.19.11",
            "resolved": "https://registry.npmjs.org/urijs/-/urijs-1.19.11.tgz",
            "integrity": "sha512-HXgFDgDommxn5/bIv0cnQZsPhHDA90NPHD6+c/v21U5+Sx5hoP8+dP9IZXBU1gIfvdRfhG8cel9QNPeionfcCQ=="
        }
    }
}
